
Microsoft Visual Studio Solution File, Format Version 12.00
# Visual Studio Version 16
VisualStudioVersion = 16.0.30320.27
MinimumVisualStudioVersion = 10.0.40219.1
Project("{8BC9CEB8-8B4A-11D0-8D11-00A0C91BC942}") = "MainProject", "task01\task01.vcxproj", "{D01A9BAA-B54D-4BA2-BC71-6D34D9A91B07}"
EndProject
Project("{8BC9CEB8-8B4A-11D0-8D11-00A0C91BC942}") = "test01project", "test01project\test01project.vcxproj", "{FA88DA9C-CC6E-4D10-BCE3-02D99C66E020}"
EndProject
Project("{8BC9CEB8-8B4A-11D0-8D11-00A0C91BC942}") = "IntegerProject", "IntegerProject\IntegerProject.vcxproj", "{0CBF4BB3-D775-4FB8-AA85-FC95FF6C0C81}"
EndProject
Project("{8BC9CEB8-8B4A-11D0-8D11-00A0C91BC942}") = "ADSProject", "ADSproject\ADSproject.vcxproj", "{59532D90-8E20-48CA-91C0-926ED9BDEB12}"
EndProject
Project("{8BC9CEB8-8B4A-11D0-8D11-00A0C91BC942}") = "PointProject", "PointProject\PointProject.vcxproj", "{E9BCFC33-813C-459D-960C-016AC5D84753}"
EndProject
Project("{8BC9CEB8-8B4A-11D0-8D11-00A0C91BC942}") = "AnimalProject", "AnimalProject\AnimalProject.vcxproj", "{6291AC87-4D17-45AF-8C1E-217377361A4D}"
EndProject
Global
	GlobalSection(SolutionConfigurationPlatforms) = preSolution
		Debug|x64 = Debug|x64
		Debug|x86 = Debug|x86
		Release|x64 = Release|x64
		Release|x86 = Release|x86
	EndGlobalSection
	GlobalSection(ProjectConfigurationPlatforms) = postSolution
		{D01A9BAA-B54D-4BA2-BC71-6D34D9A91B07}.Debug|x64.ActiveCfg = Debug|x64
		{D01A9BAA-B54D-4BA2-BC71-6D34D9A91B07}.Debug|x64.Build.0 = Debug|x64
		{D01A9BAA-B54D-4BA2-BC71-6D34D9A91B07}.Debug|x86.ActiveCfg = Debug|Win32
		{D01A9BAA-B54D-4BA2-BC71-6D34D9A91B07}.Debug|x86.Build.0 = Debug|Win32
		{D01A9BAA-B54D-4BA2-BC71-6D34D9A91B07}.Release|x64.ActiveCfg = Release|x64
		{D01A9BAA-B54D-4BA2-BC71-6D34D9A91B07}.Release|x64.Build.0 = Release|x64
		{D01A9BAA-B54D-4BA2-BC71-6D34D9A91B07}.Release|x86.ActiveCfg = Release|Win32
		{D01A9BAA-B54D-4BA2-BC71-6D34D9A91B07}.Release|x86.Build.0 = Release|Win32
		{FA88DA9C-CC6E-4D10-BCE3-02D99C66E020}.Debug|x64.ActiveCfg = Debug|x64
		{FA88DA9C-CC6E-4D10-BCE3-02D99C66E020}.Debug|x64.Build.0 = Debug|x64
		{FA88DA9C-CC6E-4D10-BCE3-02D99C66E020}.Debug|x86.ActiveCfg = Debug|Win32
		{FA88DA9C-CC6E-4D10-BCE3-02D99C66E020}.Debug|x86.Build.0 = Debug|Win32
		{FA88DA9C-CC6E-4D10-BCE3-02D99C66E020}.Release|x64.ActiveCfg = Release|x64
		{FA88DA9C-CC6E-4D10-BCE3-02D99C66E020}.Release|x64.Build.0 = Release|x64
		{FA88DA9C-CC6E-4D10-BCE3-02D99C66E020}.Release|x86.ActiveCfg = Release|Win32
		{FA88DA9C-CC6E-4D10-BCE3-02D99C66E020}.Release|x86.Build.0 = Release|Win32
		{0CBF4BB3-D775-4FB8-AA85-FC95FF6C0C81}.Debug|x64.ActiveCfg = Debug|x64
		{0CBF4BB3-D775-4FB8-AA85-FC95FF6C0C81}.Debug|x64.Build.0 = Debug|x64
		{0CBF4BB3-D775-4FB8-AA85-FC95FF6C0C81}.Debug|x86.ActiveCfg = Debug|Win32
		{0CBF4BB3-D775-4FB8-AA85-FC95FF6C0C81}.Debug|x86.Build.0 = Debug|Win32
		{0CBF4BB3-D775-4FB8-AA85-FC95FF6C0C81}.Release|x64.ActiveCfg = Release|x64
		{0CBF4BB3-D775-4FB8-AA85-FC95FF6C0C81}.Release|x64.Build.0 = Release|x64
		{0CBF4BB3-D775-4FB8-AA85-FC95FF6C0C81}.Release|x86.ActiveCfg = Release|Win32
		{0CBF4BB3-D775-4FB8-AA85-FC95FF6C0C81}.Release|x86.Build.0 = Release|Win32
		{59532D90-8E20-48CA-91C0-926ED9BDEB12}.Debug|x64.ActiveCfg = Debug|x64
		{59532D90-8E20-48CA-91C0-926ED9BDEB12}.Debug|x64.Build.0 = Debug|x64
		{59532D90-8E20-48CA-91C0-926ED9BDEB12}.Debug|x86.ActiveCfg = Debug|Win32
		{59532D90-8E20-48CA-91C0-926ED9BDEB12}.Debug|x86.Build.0 = Debug|Win32
		{59532D90-8E20-48CA-91C0-926ED9BDEB12}.Release|x64.ActiveCfg = Release|x64
		{59532D90-8E20-48CA-91C0-926ED9BDEB12}.Release|x64.Build.0 = Release|x64
		{59532D90-8E20-48CA-91C0-926ED9BDEB12}.Release|x86.ActiveCfg = Release|Win32
		{59532D90-8E20-48CA-91C0-926ED9BDEB12}.Release|x86.Build.0 = Release|Win32
		{E9BCFC33-813C-459D-960C-016AC5D84753}.Debug|x64.ActiveCfg = Debug|x64
		{E9BCFC33-813C-459D-960C-016AC5D84753}.Debug|x64.Build.0 = Debug|x64
		{E9BCFC33-813C-459D-960C-016AC5D84753}.Debug|x86.ActiveCfg = Debug|Win32
		{E9BCFC33-813C-459D-960C-016AC5D84753}.Debug|x86.Build.0 = Debug|Win32
		{E9BCFC33-813C-459D-960C-016AC5D84753}.Release|x64.ActiveCfg = Release|x64
		{E9BCFC33-813C-459D-960C-016AC5D84753}.Release|x64.Build.0 = Release|x64
		{E9BCFC33-813C-459D-960C-016AC5D84753}.Release|x86.ActiveCfg = Release|Win32
		{E9BCFC33-813C-459D-960C-016AC5D84753}.Release|x86.Build.0 = Release|Win32
		{6291AC87-4D17-45AF-8C1E-217377361A4D}.Debug|x64.ActiveCfg = Debug|x64
		{6291AC87-4D17-45AF-8C1E-217377361A4D}.Debug|x64.Build.0 = Debug|x64
		{6291AC87-4D17-45AF-8C1E-217377361A4D}.Debug|x86.ActiveCfg = Debug|Win32
		{6291AC87-4D17-45AF-8C1E-217377361A4D}.Debug|x86.Build.0 = Debug|Win32
		{6291AC87-4D17-45AF-8C1E-217377361A4D}.Release|x64.ActiveCfg = Release|x64
		{6291AC87-4D17-45AF-8C1E-217377361A4D}.Release|x64.Build.0 = Release|x64
		{6291AC87-4D17-45AF-8C1E-217377361A4D}.Release|x86.ActiveCfg = Release|Win32
		{6291AC87-4D17-45AF-8C1E-217377361A4D}.Release|x86.Build.0 = Release|Win32
	EndGlobalSection
	GlobalSection(SolutionProperties) = preSolution
		HideSolutionNode = FALSE
	EndGlobalSection
	GlobalSection(ExtensibilityGlobals) = postSolution
		SolutionGuid = {0E81E6C0-0AE8-41D3-BADB-EADBDDDE4961}
	EndGlobalSection
EndGlobal
